// !$*UTF8*$!
{
	archiveVersion = 1;
	classes = {
	};
	objectVersion = 50;
	objects = {

/* Begin PBXBuildFile section */
		9F01E0DF2584190800AFD55C /* SetGameVM.swift in Sources */ = {isa = PBXBuildFile; fileRef = 9F01E0DE2584190800AFD55C /* SetGameVM.swift */; };
		9F0522AB264075E900D92AE9 /* TimerRingView.swift in Sources */ = {isa = PBXBuildFile; fileRef = 9F0522AA264075E900D92AE9 /* TimerRingView.swift */; };
		9F08620F260E1AAC00939E12 /* UX.swift in Sources */ = {isa = PBXBuildFile; fileRef = 9F08620E260E1AAC00939E12 /* UX.swift */; };
		9F18C3A9257C40D60073FA85 /* AppDelegate.swift in Sources */ = {isa = PBXBuildFile; fileRef = 9F18C3A8257C40D60073FA85 /* AppDelegate.swift */; };
		9F18C3AB257C40D60073FA85 /* SceneDelegate.swift in Sources */ = {isa = PBXBuildFile; fileRef = 9F18C3AA257C40D60073FA85 /* SceneDelegate.swift */; };
		9F18C3AD257C40D60073FA85 /* ContentView.swift in Sources */ = {isa = PBXBuildFile; fileRef = 9F18C3AC257C40D60073FA85 /* ContentView.swift */; };
		9F18C3AF257C40D60073FA85 /* Assets.xcassets in Resources */ = {isa = PBXBuildFile; fileRef = 9F18C3AE257C40D60073FA85 /* Assets.xcassets */; };
		9F18C3B2257C40D60073FA85 /* Preview Assets.xcassets in Resources */ = {isa = PBXBuildFile; fileRef = 9F18C3B1257C40D60073FA85 /* Preview Assets.xcassets */; };
		9F18C3B5257C40D60073FA85 /* LaunchScreen.storyboard in Resources */ = {isa = PBXBuildFile; fileRef = 9F18C3B3257C40D60073FA85 /* LaunchScreen.storyboard */; };
		9F18C3BE257C411C0073FA85 /* SetGameModel.swift in Sources */ = {isa = PBXBuildFile; fileRef = 9F18C3BD257C411C0073FA85 /* SetGameModel.swift */; };
		9F1A6441257CBD340057B653 /* CardView.swift in Sources */ = {isa = PBXBuildFile; fileRef = 9F1A6440257CBD340057B653 /* CardView.swift */; };
		9F1F047A2592512B001B66E5 /* RectCollector.swift in Sources */ = {isa = PBXBuildFile; fileRef = 9F1F04792592512B001B66E5 /* RectCollector.swift */; };
		9F26AD9F262257CB0014D6C8 /* BigRoundButtonView.swift in Sources */ = {isa = PBXBuildFile; fileRef = 9F26AD9E262257CB0014D6C8 /* BigRoundButtonView.swift */; };
		9F459EE92587F25600D9712E /* ExactAspectTopToBottom.swift in Sources */ = {isa = PBXBuildFile; fileRef = 9F459EE72587F25600D9712E /* ExactAspectTopToBottom.swift */; };
		9F459EEA2587F25600D9712E /* GridWithGap.swift in Sources */ = {isa = PBXBuildFile; fileRef = 9F459EE82587F25600D9712E /* GridWithGap.swift */; };
		9F4EC99A2589154B0056BBBF /* CardFace.swift in Sources */ = {isa = PBXBuildFile; fileRef = 9F4EC9992589154B0056BBBF /* CardFace.swift */; };
		9F6070A02583E7BA006FEDF1 /* Array+Identifiable.swift in Sources */ = {isa = PBXBuildFile; fileRef = 9F60709F2583E7BA006FEDF1 /* Array+Identifiable.swift */; };
		9F73530626333CD900FDF6D3 /* RulesStyles.swift in Sources */ = {isa = PBXBuildFile; fileRef = 9F73530526333CD900FDF6D3 /* RulesStyles.swift */; };
		9F916D40264029B40027196C /* ProgressRingView.swift in Sources */ = {isa = PBXBuildFile; fileRef = 9F916D3F264029B40027196C /* ProgressRingView.swift */; };
		9FA8B6CB2623C2F500FE1106 /* ScoreView.swift in Sources */ = {isa = PBXBuildFile; fileRef = 9FA8B6CA2623C2F500FE1106 /* ScoreView.swift */; };
		9FB5CAC9261E2BE800927193 /* DeckView.swift in Sources */ = {isa = PBXBuildFile; fileRef = 9FB5CAC8261E2BE800927193 /* DeckView.swift */; };
		9FCB5B9E264D8A9100D08242 /* GameOverView.swift in Sources */ = {isa = PBXBuildFile; fileRef = 9FCB5B9D264D8A9100D08242 /* GameOverView.swift */; };
		9FD831BC2582D1DE00EAC708 /* Path+Scaled.swift in Sources */ = {isa = PBXBuildFile; fileRef = 9FD831BB2582D1DE00EAC708 /* Path+Scaled.swift */; };
		9FF49A57263441E0006E7F41 /* RulesCardView.swift in Sources */ = {isa = PBXBuildFile; fileRef = 9FF49A56263441E0006E7F41 /* RulesCardView.swift */; };
		9FFB3FCB2627A29E007AA5AE /* RulesView.swift in Sources */ = {isa = PBXBuildFile; fileRef = 9FFB3FCA2627A29E007AA5AE /* RulesView.swift */; };
/* End PBXBuildFile section */

/* Begin PBXFileReference section */
		9F01E0DE2584190800AFD55C /* SetGameVM.swift */ = {isa = PBXFileReference; lastKnownFileType = sourcecode.swift; path = SetGameVM.swift; sourceTree = "<group>"; };
		9F0522AA264075E900D92AE9 /* TimerRingView.swift */ = {isa = PBXFileReference; lastKnownFileType = sourcecode.swift; path = TimerRingView.swift; sourceTree = "<group>"; };
		9F08620E260E1AAC00939E12 /* UX.swift */ = {isa = PBXFileReference; lastKnownFileType = sourcecode.swift; path = UX.swift; sourceTree = "<group>"; };
		9F18C3A5257C40D60073FA85 /* Set Game.app */ = {isa = PBXFileReference; explicitFileType = wrapper.application; includeInIndex = 0; path = "Set Game.app"; sourceTree = BUILT_PRODUCTS_DIR; };
		9F18C3A8257C40D60073FA85 /* AppDelegate.swift */ = {isa = PBXFileReference; lastKnownFileType = sourcecode.swift; path = AppDelegate.swift; sourceTree = "<group>"; };
		9F18C3AA257C40D60073FA85 /* SceneDelegate.swift */ = {isa = PBXFileReference; lastKnownFileType = sourcecode.swift; path = SceneDelegate.swift; sourceTree = "<group>"; };
		9F18C3AC257C40D60073FA85 /* ContentView.swift */ = {isa = PBXFileReference; lastKnownFileType = sourcecode.swift; path = ContentView.swift; sourceTree = "<group>"; };
		9F18C3AE257C40D60073FA85 /* Assets.xcassets */ = {isa = PBXFileReference; lastKnownFileType = folder.assetcatalog; path = Assets.xcassets; sourceTree = "<group>"; };
		9F18C3B1257C40D60073FA85 /* Preview Assets.xcassets */ = {isa = PBXFileReference; lastKnownFileType = folder.assetcatalog; path = "Preview Assets.xcassets"; sourceTree = "<group>"; };
		9F18C3B4257C40D60073FA85 /* Base */ = {isa = PBXFileReference; lastKnownFileType = file.storyboard; name = Base; path = Base.lproj/LaunchScreen.storyboard; sourceTree = "<group>"; };
		9F18C3B6257C40D60073FA85 /* Info.plist */ = {isa = PBXFileReference; lastKnownFileType = text.plist.xml; path = Info.plist; sourceTree = "<group>"; };
		9F18C3BD257C411C0073FA85 /* SetGameModel.swift */ = {isa = PBXFileReference; lastKnownFileType = sourcecode.swift; path = SetGameModel.swift; sourceTree = "<group>"; };
		9F1A6440257CBD340057B653 /* CardView.swift */ = {isa = PBXFileReference; lastKnownFileType = sourcecode.swift; path = CardView.swift; sourceTree = "<group>"; };
		9F1F04792592512B001B66E5 /* RectCollector.swift */ = {isa = PBXFileReference; fileEncoding = 4; lastKnownFileType = sourcecode.swift; path = RectCollector.swift; sourceTree = "<group>"; };
		9F26AD9E262257CB0014D6C8 /* BigRoundButtonView.swift */ = {isa = PBXFileReference; lastKnownFileType = sourcecode.swift; path = BigRoundButtonView.swift; sourceTree = "<group>"; };
		9F459EE72587F25600D9712E /* ExactAspectTopToBottom.swift */ = {isa = PBXFileReference; fileEncoding = 4; lastKnownFileType = sourcecode.swift; path = ExactAspectTopToBottom.swift; sourceTree = "<group>"; };
		9F459EE82587F25600D9712E /* GridWithGap.swift */ = {isa = PBXFileReference; fileEncoding = 4; lastKnownFileType = sourcecode.swift; path = GridWithGap.swift; sourceTree = "<group>"; };
		9F4EC9992589154B0056BBBF /* CardFace.swift */ = {isa = PBXFileReference; lastKnownFileType = sourcecode.swift; path = CardFace.swift; sourceTree = "<group>"; };
		9F60709F2583E7BA006FEDF1 /* Array+Identifiable.swift */ = {isa = PBXFileReference; fileEncoding = 4; lastKnownFileType = sourcecode.swift; path = "Array+Identifiable.swift"; sourceTree = "<group>"; };
		9F73530526333CD900FDF6D3 /* RulesStyles.swift */ = {isa = PBXFileReference; lastKnownFileType = sourcecode.swift; path = RulesStyles.swift; sourceTree = "<group>"; };
		9F916D3F264029B40027196C /* ProgressRingView.swift */ = {isa = PBXFileReference; lastKnownFileType = sourcecode.swift; path = ProgressRingView.swift; sourceTree = "<group>"; };
		9FA8B6CA2623C2F500FE1106 /* ScoreView.swift */ = {isa = PBXFileReference; lastKnownFileType = sourcecode.swift; path = ScoreView.swift; sourceTree = "<group>"; };
		9FB5CAC8261E2BE800927193 /* DeckView.swift */ = {isa = PBXFileReference; lastKnownFileType = sourcecode.swift; path = DeckView.swift; sourceTree = "<group>"; };
		9FCB5B9D264D8A9100D08242 /* GameOverView.swift */ = {isa = PBXFileReference; lastKnownFileType = sourcecode.swift; path = GameOverView.swift; sourceTree = "<group>"; };
		9FD831BB2582D1DE00EAC708 /* Path+Scaled.swift */ = {isa = PBXFileReference; lastKnownFileType = sourcecode.swift; path = "Path+Scaled.swift"; sourceTree = "<group>"; };
		9FF49A56263441E0006E7F41 /* RulesCardView.swift */ = {isa = PBXFileReference; lastKnownFileType = sourcecode.swift; path = RulesCardView.swift; sourceTree = SOURCE_ROOT; };
		9FFB3FCA2627A29E007AA5AE /* RulesView.swift */ = {isa = PBXFileReference; lastKnownFileType = sourcecode.swift; path = RulesView.swift; sourceTree = "<group>"; };
/* End PBXFileReference section */

/* Begin PBXFrameworksBuildPhase section */
		9F18C3A2257C40D60073FA85 /* Frameworks */ = {
			isa = PBXFrameworksBuildPhase;
			buildActionMask = 2147483647;
			files = (
			);
			runOnlyForDeploymentPostprocessing = 0;
		};
/* End PBXFrameworksBuildPhase section */

/* Begin PBXGroup section */
		9F18C39C257C40D60073FA85 = {
			isa = PBXGroup;
			children = (
				9F18C3A7257C40D60073FA85 /* Set Game */,
				9F18C3A6257C40D60073FA85 /* Products */,
			);
			sourceTree = "<group>";
		};
		9F18C3A6257C40D60073FA85 /* Products */ = {
			isa = PBXGroup;
			children = (
				9F18C3A5257C40D60073FA85 /* Set Game.app */,
			);
			name = Products;
			sourceTree = "<group>";
		};
		9F18C3A7257C40D60073FA85 /* Set Game */ = {
			isa = PBXGroup;
			children = (
				9F18C3A8257C40D60073FA85 /* AppDelegate.swift */,
				9F18C3AA257C40D60073FA85 /* SceneDelegate.swift */,
				9F18C3BD257C411C0073FA85 /* SetGameModel.swift */,
				9F01E0DE2584190800AFD55C /* SetGameVM.swift */,
				9FCB5B9D264D8A9100D08242 /* GameOverView.swift */,
				9F08620E260E1AAC00939E12 /* UX.swift */,
				9F18C3AC257C40D60073FA85 /* ContentView.swift */,
				9FA8B6CA2623C2F500FE1106 /* ScoreView.swift */,
				9F26AD9E262257CB0014D6C8 /* BigRoundButtonView.swift */,
				9F916D3F264029B40027196C /* ProgressRingView.swift */,
				9F0522AA264075E900D92AE9 /* TimerRingView.swift */,
				9FB5CAC8261E2BE800927193 /* DeckView.swift */,
				9F1F04792592512B001B66E5 /* RectCollector.swift */,
				9F73530826333CE600FDF6D3 /* Rules */,
				9FE4386026138458007AAD21 /* Card */,
				9FD831BB2582D1DE00EAC708 /* Path+Scaled.swift */,
				9F60709F2583E7BA006FEDF1 /* Array+Identifiable.swift */,
				9F459EE82587F25600D9712E /* GridWithGap.swift */,
				9F459EE72587F25600D9712E /* ExactAspectTopToBottom.swift */,
				9F18C3AE257C40D60073FA85 /* Assets.xcassets */,
				9F18C3B3257C40D60073FA85 /* LaunchScreen.storyboard */,
				9F18C3B6257C40D60073FA85 /* Info.plist */,
				9F18C3B0257C40D60073FA85 /* Preview Content */,
			);
			path = "Set Game";
			sourceTree = "<group>";
		};
		9F18C3B0257C40D60073FA85 /* Preview Content */ = {
			isa = PBXGroup;
			children = (
				9F18C3B1257C40D60073FA85 /* Preview Assets.xcassets */,
			);
			path = "Preview Content";
			sourceTree = "<group>";
		};
		9F73530826333CE600FDF6D3 /* Rules */ = {
			isa = PBXGroup;
			children = (
				9FFB3FCA2627A29E007AA5AE /* RulesView.swift */,
				9F73530526333CD900FDF6D3 /* RulesStyles.swift */,
				9FF49A56263441E0006E7F41 /* RulesCardView.swift */,
			);
			path = Rules;
			sourceTree = "<group>";
		};
		9FE4386026138458007AAD21 /* Card */ = {
			isa = PBXGroup;
			children = (
				9F1A6440257CBD340057B653 /* CardView.swift */,
				9F4EC9992589154B0056BBBF /* CardFace.swift */,
			);
			path = Card;
			sourceTree = "<group>";
		};
/* End PBXGroup section */

/* Begin PBXNativeTarget section */
		9F18C3A4257C40D60073FA85 /* Set Game */ = {
			isa = PBXNativeTarget;
			buildConfigurationList = 9F18C3B9257C40D60073FA85 /* Build configuration list for PBXNativeTarget "Set Game" */;
			buildPhases = (
				9F18C3A1257C40D60073FA85 /* Sources */,
				9F18C3A2257C40D60073FA85 /* Frameworks */,
				9F18C3A3257C40D60073FA85 /* Resources */,
			);
			buildRules = (
			);
			dependencies = (
			);
			name = "Set Game";
			productName = "Set Game";
			productReference = 9F18C3A5257C40D60073FA85 /* Set Game.app */;
			productType = "com.apple.product-type.application";
		};
/* End PBXNativeTarget section */

/* Begin PBXProject section */
		9F18C39D257C40D60073FA85 /* Project object */ = {
			isa = PBXProject;
			attributes = {
				LastSwiftUpdateCheck = 1220;
				LastUpgradeCheck = 1220;
				TargetAttributes = {
					9F18C3A4257C40D60073FA85 = {
						CreatedOnToolsVersion = 12.2;
					};
				};
			};
			buildConfigurationList = 9F18C3A0257C40D60073FA85 /* Build configuration list for PBXProject "Set Game" */;
			compatibilityVersion = "Xcode 9.3";
			developmentRegion = en;
			hasScannedForEncodings = 0;
			knownRegions = (
				en,
				Base,
			);
			mainGroup = 9F18C39C257C40D60073FA85;
			productRefGroup = 9F18C3A6257C40D60073FA85 /* Products */;
			projectDirPath = "";
			projectRoot = "";
			targets = (
				9F18C3A4257C40D60073FA85 /* Set Game */,
			);
		};
/* End PBXProject section */

/* Begin PBXResourcesBuildPhase section */
		9F18C3A3257C40D60073FA85 /* Resources */ = {
			isa = PBXResourcesBuildPhase;
			buildActionMask = 2147483647;
			files = (
				9F18C3B5257C40D60073FA85 /* LaunchScreen.storyboard in Resources */,
				9F18C3B2257C40D60073FA85 /* Preview Assets.xcassets in Resources */,
				9F18C3AF257C40D60073FA85 /* Assets.xcassets in Resources */,
			);
			runOnlyForDeploymentPostprocessing = 0;
		};
/* End PBXResourcesBuildPhase section */

/* Begin PBXSourcesBuildPhase section */
		9F18C3A1257C40D60073FA85 /* Sources */ = {
			isa = PBXSourcesBuildPhase;
			buildActionMask = 2147483647;
			files = (
				9F01E0DF2584190800AFD55C /* SetGameVM.swift in Sources */,
				9FA8B6CB2623C2F500FE1106 /* ScoreView.swift in Sources */,
				9F18C3BE257C411C0073FA85 /* SetGameModel.swift in Sources */,
				9FF49A57263441E0006E7F41 /* RulesCardView.swift in Sources */,
				9F4EC99A2589154B0056BBBF /* CardFace.swift in Sources */,
				9F0522AB264075E900D92AE9 /* TimerRingView.swift in Sources */,
				9F916D40264029B40027196C /* ProgressRingView.swift in Sources */,
				9F26AD9F262257CB0014D6C8 /* BigRoundButtonView.swift in Sources */,
				9FB5CAC9261E2BE800927193 /* DeckView.swift in Sources */,
				9F1F047A2592512B001B66E5 /* RectCollector.swift in Sources */,
				9F18C3A9257C40D60073FA85 /* AppDelegate.swift in Sources */,
				9FD831BC2582D1DE00EAC708 /* Path+Scaled.swift in Sources */,
				9FCB5B9E264D8A9100D08242 /* GameOverView.swift in Sources */,
				9F459EE92587F25600D9712E /* ExactAspectTopToBottom.swift in Sources */,
				9F18C3AB257C40D60073FA85 /* SceneDelegate.swift in Sources */,
				9F73530626333CD900FDF6D3 /* RulesStyles.swift in Sources */,
				9F08620F260E1AAC00939E12 /* UX.swift in Sources */,
				9F18C3AD257C40D60073FA85 /* ContentView.swift in Sources */,
				9F6070A02583E7BA006FEDF1 /* Array+Identifiable.swift in Sources */,
				9F1A6441257CBD340057B653 /* CardView.swift in Sources */,
				9FFB3FCB2627A29E007AA5AE /* RulesView.swift in Sources */,
				9F459EEA2587F25600D9712E /* GridWithGap.swift in Sources */,
			);
			runOnlyForDeploymentPostprocessing = 0;
		};
/* End PBXSourcesBuildPhase section */

/* Begin PBXVariantGroup section */
		9F18C3B3257C40D60073FA85 /* LaunchScreen.storyboard */ = {
			isa = PBXVariantGroup;
			children = (
				9F18C3B4257C40D60073FA85 /* Base */,
			);
			name = LaunchScreen.storyboard;
			sourceTree = "<group>";
		};
/* End PBXVariantGroup section */

/* Begin XCBuildConfiguration section */
		9F18C3B7257C40D60073FA85 /* Debug */ = {
			isa = XCBuildConfiguration;
			buildSettings = {
				ALWAYS_SEARCH_USER_PATHS = NO;
				CLANG_ANALYZER_NONNULL = YES;
				CLANG_ANALYZER_NUMBER_OBJECT_CONVERSION = YES_AGGRESSIVE;
				CLANG_CXX_LANGUAGE_STANDARD = "gnu++14";
				CLANG_CXX_LIBRARY = "libc++";
				CLANG_ENABLE_MODULES = YES;
				CLANG_ENABLE_OBJC_ARC = YES;
				CLANG_ENABLE_OBJC_WEAK = YES;
				CLANG_WARN_BLOCK_CAPTURE_AUTORELEASING = YES;
				CLANG_WARN_BOOL_CONVERSION = YES;
				CLANG_WARN_COMMA = YES;
				CLANG_WARN_CONSTANT_CONVERSION = YES;
				CLANG_WARN_DEPRECATED_OBJC_IMPLEMENTATIONS = YES;
				CLANG_WARN_DIRECT_OBJC_ISA_USAGE = YES_ERROR;
				CLANG_WARN_DOCUMENTATION_COMMENTS = YES;
				CLANG_WARN_EMPTY_BODY = YES;
				CLANG_WARN_ENUM_CONVERSION = YES;
				CLANG_WARN_INFINITE_RECURSION = YES;
				CLANG_WARN_INT_CONVERSION = YES;
				CLANG_WARN_NON_LITERAL_NULL_CONVERSION = YES;
				CLANG_WARN_OBJC_IMPLICIT_RETAIN_SELF = YES;
				CLANG_WARN_OBJC_LITERAL_CONVERSION = YES;
				CLANG_WARN_OBJC_ROOT_CLASS = YES_ERROR;
				CLANG_WARN_QUOTED_INCLUDE_IN_FRAMEWORK_HEADER = YES;
				CLANG_WARN_RANGE_LOOP_ANALYSIS = YES;
				CLANG_WARN_STRICT_PROTOTYPES = YES;
				CLANG_WARN_SUSPICIOUS_MOVE = YES;
				CLANG_WARN_UNGUARDED_AVAILABILITY = YES_AGGRESSIVE;
				CLANG_WARN_UNREACHABLE_CODE = YES;
				CLANG_WARN__DUPLICATE_METHOD_MATCH = YES;
				COPY_PHASE_STRIP = NO;
				DEBUG_INFORMATION_FORMAT = dwarf;
				ENABLE_STRICT_OBJC_MSGSEND = YES;
				ENABLE_TESTABILITY = YES;
				GCC_C_LANGUAGE_STANDARD = gnu11;
				GCC_DYNAMIC_NO_PIC = NO;
				GCC_NO_COMMON_BLOCKS = YES;
				GCC_OPTIMIZATION_LEVEL = 0;
				GCC_PREPROCESSOR_DEFINITIONS = (
					"DEBUG=1",
					"$(inherited)",
				);
				GCC_WARN_64_TO_32_BIT_CONVERSION = YES;
				GCC_WARN_ABOUT_RETURN_TYPE = YES_ERROR;
				GCC_WARN_UNDECLARED_SELECTOR = YES;
				GCC_WARN_UNINITIALIZED_AUTOS = YES_AGGRESSIVE;
				GCC_WARN_UNUSED_FUNCTION = YES;
				GCC_WARN_UNUSED_VARIABLE = YES;
				IPHONEOS_DEPLOYMENT_TARGET = 14.2;
				MTL_ENABLE_DEBUG_INFO = INCLUDE_SOURCE;
				MTL_FAST_MATH = YES;
				ONLY_ACTIVE_ARCH = YES;
				SDKROOT = iphoneos;
				SWIFT_ACTIVE_COMPILATION_CONDITIONS = DEBUG;
				SWIFT_OPTIMIZATION_LEVEL = "-Onone";
			};
			name = Debug;
		};
		9F18C3B8257C40D60073FA85 /* Release */ = {
			isa = XCBuildConfiguration;
			buildSettings = {
				ALWAYS_SEARCH_USER_PATHS = NO;
				CLANG_ANALYZER_NONNULL = YES;
				CLANG_ANALYZER_NUMBER_OBJECT_CONVERSION = YES_AGGRESSIVE;
				CLANG_CXX_LANGUAGE_STANDARD = "gnu++14";
				CLANG_CXX_LIBRARY = "libc++";
				CLANG_ENABLE_MODULES = YES;
				CLANG_ENABLE_OBJC_ARC = YES;
				CLANG_ENABLE_OBJC_WEAK = YES;
				CLANG_WARN_BLOCK_CAPTURE_AUTORELEASING = YES;
				CLANG_WARN_BOOL_CONVERSION = YES;
				CLANG_WARN_COMMA = YES;
				CLANG_WARN_CONSTANT_CONVERSION = YES;
				CLANG_WARN_DEPRECATED_OBJC_IMPLEMENTATIONS = YES;
				CLANG_WARN_DIRECT_OBJC_ISA_USAGE = YES_ERROR;
				CLANG_WARN_DOCUMENTATION_COMMENTS = YES;
				CLANG_WARN_EMPTY_BODY = YES;
				CLANG_WARN_ENUM_CONVERSION = YES;
				CLANG_WARN_INFINITE_RECURSION = YES;
				CLANG_WARN_INT_CONVERSION = YES;
				CLANG_WARN_NON_LITERAL_NULL_CONVERSION = YES;
				CLANG_WARN_OBJC_IMPLICIT_RETAIN_SELF = YES;
				CLANG_WARN_OBJC_LITERAL_CONVERSION = YES;
				CLANG_WARN_OBJC_ROOT_CLASS = YES_ERROR;
				CLANG_WARN_QUOTED_INCLUDE_IN_FRAMEWORK_HEADER = YES;
				CLANG_WARN_RANGE_LOOP_ANALYSIS = YES;
				CLANG_WARN_STRICT_PROTOTYPES = YES;
				CLANG_WARN_SUSPICIOUS_MOVE = YES;
				CLANG_WARN_UNGUARDED_AVAILABILITY = YES_AGGRESSIVE;
				CLANG_WARN_UNREACHABLE_CODE = YES;
				CLANG_WARN__DUPLICATE_METHOD_MATCH = YES;
				COPY_PHASE_STRIP = NO;
				DEBUG_INFORMATION_FORMAT = "dwarf-with-dsym";
				ENABLE_NS_ASSERTIONS = NO;
				ENABLE_STRICT_OBJC_MSGSEND = YES;
				GCC_C_LANGUAGE_STANDARD = gnu11;
				GCC_NO_COMMON_BLOCKS = YES;
				GCC_WARN_64_TO_32_BIT_CONVERSION = YES;
				GCC_WARN_ABOUT_RETURN_TYPE = YES_ERROR;
				GCC_WARN_UNDECLARED_SELECTOR = YES;
				GCC_WARN_UNINITIALIZED_AUTOS = YES_AGGRESSIVE;
				GCC_WARN_UNUSED_FUNCTION = YES;
				GCC_WARN_UNUSED_VARIABLE = YES;
				IPHONEOS_DEPLOYMENT_TARGET = 14.2;
				MTL_ENABLE_DEBUG_INFO = NO;
				MTL_FAST_MATH = YES;
				SDKROOT = iphoneos;
				SWIFT_COMPILATION_MODE = wholemodule;
				SWIFT_OPTIMIZATION_LEVEL = "-O";
				VALIDATE_PRODUCT = YES;
			};
			name = Release;
		};
		9F18C3BA257C40D60073FA85 /* Debug */ = {
			isa = XCBuildConfiguration;
			buildSettings = {
				ASSETCATALOG_COMPILER_APPICON_NAME = AppIcon;
				ASSETCATALOG_COMPILER_GLOBAL_ACCENT_COLOR_NAME = AccentColor;
				CODE_SIGN_STYLE = Automatic;
				DEVELOPMENT_ASSET_PATHS = "\"Set Game/Preview Content\"";
				DEVELOPMENT_TEAM = Z48CPP88QJ;
				ENABLE_PREVIEWS = YES;
				INFOPLIST_FILE = "Set Game/Info.plist";
				LD_RUNPATH_SEARCH_PATHS = (
					"$(inherited)",
					"@executable_path/Frameworks",
				);
				PRODUCT_BUNDLE_IDENTIFIER = "fedor.boretskiy.Set-Game";
				PRODUCT_NAME = "$(TARGET_NAME)";
				SWIFT_VERSION = 5.0;
				TARGETED_DEVICE_FAMILY = "1,2";
			};
			name = Debug;
		};
		9F18C3BB257C40D60073FA85 /* Release */ = {
			isa = XCBuildConfiguration;
			buildSettings = {
				ASSETCATALOG_COMPILER_APPICON_NAME = AppIcon;
				ASSETCATALOG_COMPILER_GLOBAL_ACCENT_COLOR_NAME = AccentColor;
				CODE_SIGN_STYLE = Automatic;
				DEVELOPMENT_ASSET_PATHS = "\"Set Game/Preview Content\"";
				DEVELOPMENT_TEAM = Z48CPP88QJ;
				ENABLE_PREVIEWS = YES;
				INFOPLIST_FILE = "Set Game/Info.plist";
				LD_RUNPATH_SEARCH_PATHS = (
					"$(inherited)",
					"@executable_path/Frameworks",
				);
				PRODUCT_BUNDLE_IDENTIFIER = "fedor.boretskiy.Set-Game";
				PRODUCT_NAME = "$(TARGET_NAME)";
				SWIFT_VERSION = 5.0;
				TARGETED_DEVICE_FAMILY = "1,2";
			};
			name = Release;
		};
/* End XCBuildConfiguration section */

/* Begin XCConfigurationList section */
		9F18C3A0257C40D60073FA85 /* Build configuration list for PBXProject "Set Game" */ = {
			isa = XCConfigurationList;
			buildConfigurations = (
				9F18C3B7257C40D60073FA85 /* Debug */,
				9F18C3B8257C40D60073FA85 /* Release */,
			);
			defaultConfigurationIsVisible = 0;
			defaultConfigurationName = Release;
		};
		9F18C3B9257C40D60073FA85 /* Build configuration list for PBXNativeTarget "Set Game" */ = {
			isa = XCConfigurationList;
			buildConfigurations = (
				9F18C3BA257C40D60073FA85 /* Debug */,
				9F18C3BB257C40D60073FA85 /* Release */,
			);
			defaultConfigurationIsVisible = 0;
			defaultConfigurationName = Release;
		};
/* End XCConfigurationList section */
	};
	rootObject = 9F18C39D257C40D60073FA85 /* Project object */;
}
